{
  "projects": [
    {
      "projectId": "caTPwKxj5ZrD9LQ7DMdK4Z",
      "version": "2.2.1",
      "dependencies": {},
      "lang": "ts",
      "fileLocks": [
        {
          "type": "globalVariant",
          "assetId": "q2e6W8ulGYz",
          "checksum": "c0cddb7dd09c65236628d522d52af1a3"
        },
        {
          "assetId": "caTPwKxj5ZrD9LQ7DMdK4Z",
          "type": "projectCss",
          "checksum": "01ebcf70a051dcbfad8268ecd0dac58a"
        }
      ],
      "codegenVersion": "0.0.1"
    },
    {
      "projectId": "r3ASNrnyvLLLAtDvzUioQ",
      "version": "2.1.1",
      "dependencies": {},
      "lang": "ts",
      "fileLocks": [
        {
          "type": "globalVariant",
          "assetId": "QvtMAh6IevC",
          "checksum": "b4c14f1981e55253b9162627749eab51"
        },
        {
          "assetId": "r3ASNrnyvLLLAtDvzUioQ",
          "type": "projectCss",
          "checksum": "1ed80188487ebdfcf825864934d0c993"
        }
      ],
      "codegenVersion": "0.0.1"
    },
    {
      "projectId": "84wxoth5npGrp6RRXPL88z",
      "version": "4.0.1",
      "dependencies": {},
      "lang": "ts",
      "fileLocks": [
        {
          "assetId": "84wxoth5npGrp6RRXPL88z",
          "type": "projectCss",
          "checksum": "5c8ed3f9d21de61cb1f7d14b9fa7a39a"
        },
        {
          "assetId": "84wxoth5npGrp6RRXPL88z",
          "checksum": "96a6914c3505128734b325290a18cb2c",
          "type": "globalContexts"
        }
      ],
      "codegenVersion": "0.0.1"
    },
    {
      "projectId": "szjgMQpPpxhmkjnaBvZQJG",
      "version": "1.0.4",
      "dependencies": {},
      "lang": "ts",
      "fileLocks": [
        {
          "type": "globalVariant",
          "assetId": "ckLLdnw4lO",
          "checksum": "cc55311cbf027bd3c58f035249c4481a"
        },
        {
          "assetId": "szjgMQpPpxhmkjnaBvZQJG",
          "type": "projectCss",
          "checksum": "333ea50d389ae8cdc5cce45cdbdb5b31"
        }
      ],
      "codegenVersion": "0.0.1"
    },
    {
      "projectId": "58GpZjZCWTaJ8AUhpCwt2K",
      "version": "2.1.2",
      "dependencies": {},
      "lang": "ts",
      "fileLocks": [
        {
          "assetId": "58GpZjZCWTaJ8AUhpCwt2K",
          "type": "projectCss",
          "checksum": "b9208ebde07664c511843b91e5845954"
        }
      ],
      "codegenVersion": "0.0.1"
    },
    {
      "projectId": "7nJ7UcFmq9UzB6eXfC5z4a",
      "version": "0.0.2",
      "dependencies": {},
      "lang": "ts",
      "fileLocks": [
        {
          "assetId": "7nJ7UcFmq9UzB6eXfC5z4a",
          "type": "projectCss",
          "checksum": "710c1ca5876b712e5c086ae35db0bac2"
        }
      ],
      "codegenVersion": "0.0.1"
    },
    {
      "projectId": "wA73ZswqroE6r1m1xaxGJ1",
      "version": "latest",
      "dependencies": {
        "7nJ7UcFmq9UzB6eXfC5z4a": "0.0.2",
        "58GpZjZCWTaJ8AUhpCwt2K": "2.1.2",
        "szjgMQpPpxhmkjnaBvZQJG": "1.0.4",
        "84wxoth5npGrp6RRXPL88z": "4.0.1",
        "r3ASNrnyvLLLAtDvzUioQ": "2.1.1",
        "caTPwKxj5ZrD9LQ7DMdK4Z": "2.2.1"
      },
      "lang": "ts",
      "fileLocks": [
        {
          "type": "globalVariant",
          "assetId": "AbUXTrbG0Cf5V",
          "checksum": "866a867010b677a5d6a3ed749eda3556"
        },
        {
          "assetId": "wA73ZswqroE6r1m1xaxGJ1",
          "checksum": "015f31f61c0db759095a881abe5a8189",
          "type": "globalContexts"
        },
        {
          "type": "renderModule",
          "assetId": "7zy9U2WO6DnF",
          "checksum": "384ceea434eab37df29bc84881157a09"
        },
        {
          "type": "cssRules",
          "assetId": "7zy9U2WO6DnF",
          "checksum": "384ceea434eab37df29bc84881157a09"
        },
        {
          "type": "renderModule",
          "assetId": "qrBp5OCf40",
          "checksum": "2e5fafb92075890898ea278c28b09b82"
        },
        {
          "type": "cssRules",
          "assetId": "qrBp5OCf40",
          "checksum": "2e5fafb92075890898ea278c28b09b82"
        },
        {
          "type": "renderModule",
          "assetId": "aOTvFzJBlc_",
          "checksum": "527e7a5bea53f8eb252ccbf3bb60ee6c"
        },
        {
          "type": "cssRules",
          "assetId": "aOTvFzJBlc_",
          "checksum": "527e7a5bea53f8eb252ccbf3bb60ee6c"
        },
        {
          "type": "renderModule",
          "assetId": "Mfi3gMBJIGb",
          "checksum": "226534730fd535c305e89926f8f269d8"
        },
        {
          "type": "cssRules",
          "assetId": "Mfi3gMBJIGb",
          "checksum": "226534730fd535c305e89926f8f269d8"
        },
        {
          "type": "renderModule",
          "assetId": "haFz3bwJAR",
          "checksum": "852526ad520bd048e633a3e8176094d0"
        },
        {
          "type": "cssRules",
          "assetId": "haFz3bwJAR",
          "checksum": "852526ad520bd048e633a3e8176094d0"
        },
        {
          "type": "renderModule",
          "assetId": "toxCWvQnbr8",
          "checksum": "493eabcd8a1192cf08f0d3d94cfccf67"
        },
        {
          "type": "cssRules",
          "assetId": "toxCWvQnbr8",
          "checksum": "493eabcd8a1192cf08f0d3d94cfccf67"
        },
        {
          "type": "renderModule",
          "assetId": "f6N1udh8AA",
          "checksum": "f25c829092c781d5dc24616928dd7613"
        },
        {
          "type": "cssRules",
          "assetId": "f6N1udh8AA",
          "checksum": "f25c829092c781d5dc24616928dd7613"
        },
        {
          "type": "renderModule",
          "assetId": "0zAjU9T0PQ",
          "checksum": "2bfedf0cdab205f8b8f6ecbe7a39d4ac"
        },
        {
          "type": "cssRules",
          "assetId": "0zAjU9T0PQ",
          "checksum": "2bfedf0cdab205f8b8f6ecbe7a39d4ac"
        },
        {
          "type": "renderModule",
          "assetId": "SbmFAmFl460",
          "checksum": "d54a1066d257e1e8b053ac227f0c15f4"
        },
        {
          "type": "cssRules",
          "assetId": "SbmFAmFl460",
          "checksum": "d54a1066d257e1e8b053ac227f0c15f4"
        },
        {
          "type": "renderModule",
          "assetId": "PHanRkgJet7",
          "checksum": "f489198c1ea80109275257c2ed1fe554"
        },
        {
          "type": "cssRules",
          "assetId": "PHanRkgJet7",
          "checksum": "f489198c1ea80109275257c2ed1fe554"
        },
        {
          "type": "renderModule",
          "assetId": "oUyApTBUpn7b",
          "checksum": "e485f221f5583882468afb83056c8b6d"
        },
        {
          "type": "cssRules",
          "assetId": "oUyApTBUpn7b",
          "checksum": "e485f221f5583882468afb83056c8b6d"
        },
        {
          "type": "renderModule",
          "assetId": "JJTNU5FQV5",
          "checksum": "b939aaaa4ff8e6a3457eb7f0be1ae820"
        },
        {
          "type": "cssRules",
          "assetId": "JJTNU5FQV5",
          "checksum": "b939aaaa4ff8e6a3457eb7f0be1ae820"
        },
        {
          "type": "renderModule",
          "assetId": "NFUIEe259ppi",
          "checksum": "90118e5552557f0b3753eb701000592a"
        },
        {
          "type": "cssRules",
          "assetId": "NFUIEe259ppi",
          "checksum": "90118e5552557f0b3753eb701000592a"
        },
        {
          "type": "renderModule",
          "assetId": "x0eSRYr8QK",
          "checksum": "dbb4e1ef00e78fc39a2ae9966865d651"
        },
        {
          "type": "cssRules",
          "assetId": "x0eSRYr8QK",
          "checksum": "dbb4e1ef00e78fc39a2ae9966865d651"
        },
        {
          "type": "renderModule",
          "assetId": "ctEGS_j_Qt",
          "checksum": "725152645f6e25b1f060bae91c1d0c53"
        },
        {
          "type": "cssRules",
          "assetId": "ctEGS_j_Qt",
          "checksum": "725152645f6e25b1f060bae91c1d0c53"
        },
        {
          "type": "renderModule",
          "assetId": "eL6LYOdI6RC",
          "checksum": "53f1d2965abe5f4ea4d847b952d147bc"
        },
        {
          "type": "cssRules",
          "assetId": "eL6LYOdI6RC",
          "checksum": "53f1d2965abe5f4ea4d847b952d147bc"
        },
        {
          "type": "renderModule",
          "assetId": "ioSFR3lRmqr",
          "checksum": "b1862349b24644f390698f045a71f36f"
        },
        {
          "type": "cssRules",
          "assetId": "ioSFR3lRmqr",
          "checksum": "b1862349b24644f390698f045a71f36f"
        },
        {
          "type": "renderModule",
          "assetId": "Tdl-6_vz1DB",
          "checksum": "fe63c0d9e5d57e11dbc8554ff0825d53"
        },
        {
          "type": "cssRules",
          "assetId": "Tdl-6_vz1DB",
          "checksum": "fe63c0d9e5d57e11dbc8554ff0825d53"
        },
        {
          "type": "renderModule",
          "assetId": "nUNYyemU7Si",
          "checksum": "b844b9e016b25c54d6e2db56d2158974"
        },
        {
          "type": "cssRules",
          "assetId": "nUNYyemU7Si",
          "checksum": "b844b9e016b25c54d6e2db56d2158974"
        },
        {
          "type": "icon",
          "assetId": "Tri1W4mor9t",
          "checksum": "2fd5551c84eff3e027b5e16521b0a118"
        },
        {
          "type": "icon",
          "assetId": "M7J874mTSvr",
          "checksum": "8a916fe3b4168f22ebd1cea1e2ddbfee"
        },
        {
          "type": "icon",
          "assetId": "q8bdo62baej",
          "checksum": "d739060de06b8aa63166a6bd4eb1073f"
        },
        {
          "type": "icon",
          "assetId": "980jwjq2w1h",
          "checksum": "b83003eb55e66736b2bce5680c57f57a"
        },
        {
          "type": "icon",
          "assetId": "_UA6I6vZTD-",
          "checksum": "b321d4d4b71bbf4c62e8ac19098fa1b8"
        },
        {
          "type": "icon",
          "assetId": "5-AnjIZOS54",
          "checksum": "834047a2f02d395e4520343ed7c5d91b"
        },
        {
          "type": "icon",
          "assetId": "7E0GT9i-81-",
          "checksum": "149990c047f006288844491233e9efa0"
        },
        {
          "type": "icon",
          "assetId": "v71hmEBDdT6",
          "checksum": "876b7c6ed7c3e5e2e0b6ccf60317372d"
        },
        {
          "type": "icon",
          "assetId": "HJOBcAy0ipl",
          "checksum": "08c2522490b9fb4272839f282f88355b"
        },
        {
          "type": "icon",
          "assetId": "Qv8wUtGF3tq",
          "checksum": "6970c4ad8b5d0a66377d3bb59ee759ad"
        },
        {
          "type": "icon",
          "assetId": "3JUTMmhnvK",
          "checksum": "6699f54a16f14fbfbe2b2c19e6f614d5"
        },
        {
          "type": "icon",
          "assetId": "mACcuMntJR",
          "checksum": "dcb2f81574eae183db68409128d880d7"
        },
        {
          "type": "icon",
          "assetId": "8T83M7j8EW",
          "checksum": "784550650a15873ec029e19278dcea9d"
        },
        {
          "type": "icon",
          "assetId": "qusUk_rNgS",
          "checksum": "6a800e0fac0cb2d5bcd830e6f2ca93d6"
        },
        {
          "type": "icon",
          "assetId": "T3tWtDwVAV",
          "checksum": "c7cbfe4fef2368a9f654ee95c331bc55"
        },
        {
          "type": "icon",
          "assetId": "HQqpC8TUl7",
          "checksum": "2fc8fb8bdcf72a1b385a77e99775d3e5"
        },
        {
          "type": "icon",
          "assetId": "cLu-LSFoFE",
          "checksum": "0a16942b2121a44a160135715c102b17"
        },
        {
          "type": "icon",
          "assetId": "tm2YInFcsn",
          "checksum": "2845a1a2245d864ea6181be918e46498"
        },
        {
          "type": "icon",
          "assetId": "0SnOLqzX9U0",
          "checksum": "732e80189b8c02576abef2d09b27a0a5"
        },
        {
          "type": "icon",
          "assetId": "_uv80oNPXUZ",
          "checksum": "639ffbdcbf53603ceb7fbe6d7799cda3"
        },
        {
          "type": "icon",
          "assetId": "PjBdQV0WPqJ",
          "checksum": "66f11243b9311270777067f5d9d75820"
        },
        {
          "type": "icon",
          "assetId": "0R6RwBEWlDl",
          "checksum": "d36db41f3effa936f568ec786655503d"
        },
        {
          "type": "icon",
          "assetId": "Orb37E0WlNQ",
          "checksum": "4a8d26a9567cbdce4b0ce0eb3b162837"
        },
        {
          "type": "icon",
          "assetId": "nceHTD7ONKMo",
          "checksum": "8590a9defbddbe2c46e4e574f73de49c"
        },
        {
          "type": "icon",
          "assetId": "wDgubAuEcrqo",
          "checksum": "1944072adcb82e593efb29acb69e6bb5"
        },
        {
          "type": "icon",
          "assetId": "XM19si9i5rlG",
          "checksum": "c2889ced986d189d17ef093794e0d725"
        },
        {
          "type": "icon",
          "assetId": "LL5WLkjuMkUt",
          "checksum": "31fbd159323cc7e44185d993222208f6"
        },
        {
          "type": "icon",
          "assetId": "QsEcWyjtLhTS",
          "checksum": "9d76165691b121c7812b084f2db03e10"
        },
        {
          "type": "icon",
          "assetId": "qapm3bKuQrj2",
          "checksum": "bcbe20476bf78708c37b5af47953e9c2"
        },
        {
          "type": "icon",
          "assetId": "MdZcDE8SHN1K",
          "checksum": "00c8b7c92fd3fee8e40d30f89bfc4ed3"
        },
        {
          "type": "icon",
          "assetId": "O20IBBC0scFe",
          "checksum": "7d163b0ee0c167e86196e96fea8b54fc"
        },
        {
          "type": "icon",
          "assetId": "TCz-nG2Cjc9Z",
          "checksum": "de29d0514d25052a5aa13c9400032511"
        },
        {
          "type": "icon",
          "assetId": "3yrO3QCzP",
          "checksum": "1a502113a310ef2dacb869c3d45dde9b"
        },
        {
          "type": "icon",
          "assetId": "NgHbz3vXdE",
          "checksum": "4cf4b3f3816827f83d1249ffb980f340"
        },
        {
          "type": "image",
          "assetId": "n2anEQJCD",
          "checksum": "d2343119d0ff1092d3c65e29a28e9dca"
        },
        {
          "type": "image",
          "assetId": "Tnh-wBDtx",
          "checksum": "00d6b5ca71ba47a0a38f4fc2cd3726a6"
        },
        {
          "type": "image",
          "assetId": "cjhskmjo9",
          "checksum": "c5b337a774367b8201144387ab76ec09"
        },
        {
          "type": "image",
          "assetId": "n0NpOAI2i",
          "checksum": "e3f8078f04ec7888667d990c332eedb3"
        },
        {
          "type": "image",
          "assetId": "GUZOeOz5n",
          "checksum": "01237d7b36638f7d3a24994d3d93c71d"
        },
        {
          "type": "image",
          "assetId": "iBU1WpG28",
          "checksum": "3bb56fb22295a5ebfca86b75720f0486"
        },
        {
          "type": "image",
          "assetId": "zbIUhGDjS",
          "checksum": "602f46c12f9d9ab403f49124a7f4a524"
        },
        {
          "type": "image",
          "assetId": "QyL5KwPla-6",
          "checksum": "c92ff2925c926ff567183494b80f620c"
        },
        {
          "type": "image",
          "assetId": "UCJS1jdIROg",
          "checksum": "76b291ea654ee9abfc0104fd5684baf9"
        },
        {
          "type": "image",
          "assetId": "OCJaowFGWR7",
          "checksum": "ad380de698ca46144338342919eb257b"
        },
        {
          "type": "image",
          "assetId": "r5bFKo1-XfF",
          "checksum": "915a55c4c42684c82fbe4dde527b852e"
        },
        {
          "type": "image",
          "assetId": "gHUu0Ba9Q",
          "checksum": "2b13db50dbe176ac987570cf63275982"
        },
        {
          "type": "image",
          "assetId": "OT4tbuKgz",
          "checksum": "aec11a4ce9d9eed134736808f005ea16"
        },
        {
          "type": "image",
          "assetId": "y_OoVR2bH",
          "checksum": "a73ee3f4e1509a8f4cfc7ae2b53adf00"
        },
        {
          "type": "image",
          "assetId": "GNrgGe5mQ",
          "checksum": "6bdb751dcfa26b37c1da7f92d5013d4f"
        },
        {
          "type": "image",
          "assetId": "0mYCRrKej",
          "checksum": "f9dbdb26d0c93582f230a75fb9559c92"
        },
        {
          "type": "image",
          "assetId": "SdvQ0mNc8",
          "checksum": "c35cdbbc189ea5f0efe50837910af739"
        },
        {
          "type": "image",
          "assetId": "5a8xhNf-5",
          "checksum": "b61c6f5000a38a0889546248342ccac6"
        },
        {
          "type": "image",
          "assetId": "H2pFkmEhF",
          "checksum": "2525cb40ce53d14da5632ddebf551030"
        },
        {
          "type": "image",
          "assetId": "8PBTDPt3s",
          "checksum": "151ee4f92c415f2a35318fcf5508ab25"
        },
        {
          "type": "image",
          "assetId": "MebamBuiI",
          "checksum": "a27b77753c63764f6b9841b67ed2c69a"
        },
        {
          "type": "image",
          "assetId": "ys_URuEHO",
          "checksum": "9114097a393e54bc4536070f7e74bb2f"
        },
        {
          "type": "image",
          "assetId": "YZxF4MGiD",
          "checksum": "883bf11f0a290ff294bd614bdc15eef3"
        },
        {
          "type": "image",
          "assetId": "JM850Uzs7uN",
          "checksum": "d317dcc8283d6e7f21f746ca04074201"
        },
        {
          "type": "image",
          "assetId": "ZMqFA3jJZ",
          "checksum": "86dab75dc6e0360345f176d2138ec8e6"
        },
        {
          "type": "image",
          "assetId": "s11thcOu9zR",
          "checksum": "27976b24301b49771de475c536f6e631"
        },
        {
          "type": "image",
          "assetId": "QlnI-5VOWVy",
          "checksum": "d93b648804a9064f693e669bd747fe9c"
        },
        {
          "type": "image",
          "assetId": "yDeUZEv3TWk",
          "checksum": "7dbd802f1ea1e9c5cd7067cc85a6454a"
        },
        {
          "type": "image",
          "assetId": "rodameVDhoW",
          "checksum": "bf8bde7851f1caa38d59b61c61fa8cf8"
        },
        {
          "type": "image",
          "assetId": "hKaSY1d-cri",
          "checksum": "a04b0d23bd14573692a695ce08d6ddf9"
        },
        {
          "type": "image",
          "assetId": "AMWJDs5Ix76",
          "checksum": "906024c26ad5459bfd3d7170f50d6268"
        },
        {
          "type": "image",
          "assetId": "CyJj6zbw3vY",
          "checksum": "e07d57ac3a2245627c90ff5c0e7ae987"
        },
        {
          "type": "image",
          "assetId": "3kEQEbZB3",
          "checksum": "51727857ee6b7aace946273402155f67"
        },
        {
          "type": "image",
          "assetId": "NumaGM2flB",
          "checksum": "766b250e2c35007da36b6e9b5b83f3d7"
        },
        {
          "type": "image",
          "assetId": "YRfQNAophn",
          "checksum": "d8299bc0bb40aa0714c7aecd989d568d"
        },
        {
          "type": "image",
          "assetId": "hCz0n5nRzo",
          "checksum": "56e1d00d779b795a8c99fc6082992089"
        },
        {
          "type": "image",
          "assetId": "sTBYzB0Bfu",
          "checksum": "c9ab357c3541036459a3769d289bcb80"
        },
        {
          "type": "image",
          "assetId": "881-qfFw6E",
          "checksum": "38945a1160dfdbb50d83161ceee28ff9"
        },
        {
          "type": "image",
          "assetId": "QB-GuaZf8c",
          "checksum": "23947b8f6d77f6b5368861c908b16fd0"
        },
        {
          "type": "image",
          "assetId": "P0QmlEa4hi",
          "checksum": "6e08e264a218b86a4e5fa11245c287c5"
        },
        {
          "type": "image",
          "assetId": "6miFXVudYN9",
          "checksum": "93a80d1695687a420f73186a397829ae"
        },
        {
          "type": "image",
          "assetId": "wNganVZ1oeB",
          "checksum": "16305c336c69a5d998c3372b049f0b73"
        },
        {
          "type": "image",
          "assetId": "A1S4GMNGmIF",
          "checksum": "bed12ffed6ebca091c190deac407ff45"
        },
        {
          "type": "image",
          "assetId": "Mf4T5yhvLTd",
          "checksum": "4d5d767dc2a774bb68a2b91e7fed45ab"
        },
        {
          "type": "image",
          "assetId": "a6kuoKd6z-Q",
          "checksum": "fb845cd932d1663af47c7e2c34b4fbab"
        },
        {
          "type": "image",
          "assetId": "qabrEx3nE-g",
          "checksum": "0cb623f943b45a3ade5fca9828f1bb3e"
        },
        {
          "type": "image",
          "assetId": "v_-zOMoJbP9",
          "checksum": "777c035657b29f0a87493b3047812e27"
        },
        {
          "type": "image",
          "assetId": "_1hAs51MeCn",
          "checksum": "a86fde23e3554dfdad9460cfdfddd63c"
        },
        {
          "type": "image",
          "assetId": "QD-ZDFUho3K",
          "checksum": "21533a9ca123de14ac5753f761737855"
        },
        {
          "type": "image",
          "assetId": "mZTPLW-sQUA",
          "checksum": "33887e02a48ffa6b61c8b542a92f4b6c"
        },
        {
          "type": "image",
          "assetId": "8IwGyEJ-VGE",
          "checksum": "e16a24c8d345456be66380a9716c20d1"
        },
        {
          "type": "image",
          "assetId": "iFYlp0kC_7C",
          "checksum": "67f4e71b8a4bfe547344585f62cf4e57"
        },
        {
          "type": "image",
          "assetId": "MhP2-DPcCVd",
          "checksum": "c6dde3f18f1b8f5981024eb0c1e5914b"
        },
        {
          "type": "image",
          "assetId": "QQpdIVVvf5D",
          "checksum": "22b98dacaebab31f4d805775ffebdaaf"
        },
        {
          "type": "image",
          "assetId": "xAg6xLIB2uu",
          "checksum": "a028376b697db11d97ec3efa6ea51078"
        },
        {
          "type": "image",
          "assetId": "PgE-PNkJoAJ",
          "checksum": "344271669006212040a76bd2050da6da"
        },
        {
          "type": "image",
          "assetId": "n8YpYkGI-Lx",
          "checksum": "eefd8d8af45c7a72c17bda165ae30579"
        },
        {
          "type": "image",
          "assetId": "SDLDpNZMGup",
          "checksum": "99b68205bd8289733faac10ee988e3ed"
        },
        {
          "type": "image",
          "assetId": "8DgdhJzTPQa",
          "checksum": "4006929f38b4260a45a7582aa604d985"
        },
        {
          "type": "image",
          "assetId": "iL2eIaflGiu",
          "checksum": "65ec951cdcd02bd0dd3f2276b7cdb1e4"
        },
        {
          "type": "image",
          "assetId": "6-L1oabK5",
          "checksum": "fc6c656b099ec20bbdd48a78bf636e64"
        },
        {
          "type": "image",
          "assetId": "x5PWGOKtx",
          "checksum": "6b507690866112f4d0771d9b795fd73a"
        },
        {
          "type": "image",
          "assetId": "Dz1bSviLX",
          "checksum": "3d2567f1f33fe89b8f78645632cb97cf"
        },
        {
          "type": "image",
          "assetId": "MTf0JWSHLnxW",
          "checksum": "ff59dbd2bcf41997b1bdcf627381e36d"
        },
        {
          "type": "image",
          "assetId": "j-_tGRhF4zbA",
          "checksum": "7987f25a90350325413a635b4b01da2b"
        },
        {
          "type": "image",
          "assetId": "P-EUzin5Rzi7",
          "checksum": "c2478a9bf103d19edf83140ae32c9f0e"
        },
        {
          "type": "image",
          "assetId": "UeuiRqh9Y0dY",
          "checksum": "03fdee2ceecc846b1b55e4df080ba8f5"
        },
        {
          "type": "image",
          "assetId": "dSpr90lsdJYu",
          "checksum": "43cc9a3e9c2c73060fdd06d3ebbf1a8f"
        },
        {
          "type": "image",
          "assetId": "LleReW_ZeDG6",
          "checksum": "170735077340704a84274e0b24674ff8"
        },
        {
          "type": "image",
          "assetId": "K86jcaMe561I",
          "checksum": "106695299b258ab86cf48566ddbddf26"
        },
        {
          "type": "image",
          "assetId": "--U7ZTNWL",
          "checksum": "d93d45136c111401c86ac604caa7ad4c"
        },
        {
          "type": "image",
          "assetId": "kDzkD05vx",
          "checksum": "19af54db942a3928babd369605ed7412"
        },
        {
          "type": "image",
          "assetId": "wLcntgbey",
          "checksum": "523ab8099a8689a7200643c16e840e64"
        },
        {
          "type": "image",
          "assetId": "kVLCuORZV",
          "checksum": "b6ef015dfe41bcd7fb12330a15507048"
        },
        {
          "type": "image",
          "assetId": "epp8c6BP2",
          "checksum": "83cb17e32ee0e873da52c0207bd4de64"
        },
        {
          "type": "image",
          "assetId": "ZFfStVHtw",
          "checksum": "5cf6c1545bced250b5f89396056c0db1"
        },
        {
          "type": "image",
          "assetId": "xy-TGaW88",
          "checksum": "07704ab58e70da7321bb14dbb5104108"
        },
        {
          "type": "image",
          "assetId": "-mYxVIbiz",
          "checksum": "ddc764cd40c1496a0673161360fa7d72"
        },
        {
          "type": "image",
          "assetId": "t0JRiFhkt",
          "checksum": "609768d5e0a0217e265b6c6865f6b8e2"
        },
        {
          "assetId": "wA73ZswqroE6r1m1xaxGJ1",
          "type": "projectCss",
          "checksum": "dcf615bb5900c9d724d51875c0c4f944"
        }
      ],
      "codegenVersion": "0.0.1"
    }
  ],
  "cliVersion": "0.1.178"
}
